
Microsoft Visual Studio Solution File, Format Version 12.00
# Visual Studio Version 17
VisualStudioVersion = 17.5.33627.172
MinimumVisualStudioVersion = 10.0.40219.1
Project("{2150E333-8FDC-42A3-9474-1A3956D46DE8}") = "Frontends", "Frontends", "{C0E23ED7-B327-4731-BED7-BCA053EF9A34}"
EndProject
Project("{2150E333-8FDC-42A3-9474-1A3956D46DE8}") = "Gateways", "Gateways", "{6A1A6B75-D4D8-43DB-AA0C-47E8471054F6}"
EndProject
Project("{2150E333-8FDC-42A3-9474-1A3956D46DE8}") = "IdentityServer", "IdentityServer", "{6F52E8DB-D7A7-451E-AB26-833FD072DEB4}"
EndProject
Project("{2150E333-8FDC-42A3-9474-1A3956D46DE8}") = "Services", "Services", "{0E318AE6-08F4-4A43-B4E5-B5D6A75FE1EC}"
EndProject
Project("{2150E333-8FDC-42A3-9474-1A3956D46DE8}") = "Shared", "Shared", "{E6E89FAF-F800-45A9-93C9-4FDD39B490A9}"
EndProject
Project("{2150E333-8FDC-42A3-9474-1A3956D46DE8}") = "SolutionItems", "SolutionItems", "{AED21AB4-A716-4682-AC83-3F116CD1BCD7}"
	ProjectSection(SolutionItems) = preProject
		PortNumber.txt = PortNumber.txt
		ToDoList.txt = ToDoList.txt
	EndProjectSection
EndProject
Project("{2150E333-8FDC-42A3-9474-1A3956D46DE8}") = "Basket", "Basket", "{42924D84-0F55-4413-BC5F-CADCD8242F33}"
EndProject
Project("{2150E333-8FDC-42A3-9474-1A3956D46DE8}") = "Catalog", "Catalog", "{8D918C75-A206-48F6-90D8-DEB0C498C705}"
EndProject
Project("{2150E333-8FDC-42A3-9474-1A3956D46DE8}") = "Discount", "Discount", "{D61EB77A-4D36-4F2D-A28D-A8C4CEA9E0A7}"
EndProject
Project("{2150E333-8FDC-42A3-9474-1A3956D46DE8}") = "Order", "Order", "{E2D21B12-A56E-4423-B2CC-20D42E226896}"
EndProject
Project("{2150E333-8FDC-42A3-9474-1A3956D46DE8}") = "Payment", "Payment", "{C1E3F508-B2B7-42EA-81C7-F165931F8F9A}"
EndProject
Project("{2150E333-8FDC-42A3-9474-1A3956D46DE8}") = "PhotoStock", "PhotoStock", "{395CFA05-FFAE-4EF4-94C8-7D26202C24D5}"
EndProject
Project("{2150E333-8FDC-42A3-9474-1A3956D46DE8}") = "Cargo", "Cargo", "{729535BA-0C90-473D-A82C-8B1CCDA821F8}"
EndProject
Project("{9A19103F-16F7-4668-BE54-9A1E7A4F7556}") = "CasgemMicroservice.Services.Catalog", "Services\Catalog\CasgemMicroservice.Services.Catalog\CasgemMicroservice.Services.Catalog.csproj", "{C45C8CCD-2728-432C-8551-08BEB8A0051B}"
EndProject
Project("{9A19103F-16F7-4668-BE54-9A1E7A4F7556}") = "CasgemMicroservice.Shared", "Shared\CasgemMicroservice.Shared\CasgemMicroservice.Shared.csproj", "{4F957BBE-B752-4A74-A382-5C4B565C2BAC}"
EndProject
Project("{9A19103F-16F7-4668-BE54-9A1E7A4F7556}") = "CasgemMicroservice.IdentityServer", "IdentityServer\CasgemMicroservice.IdentityServer\CasgemMicroservice.IdentityServer.csproj", "{025D8425-4A78-427B-9ADE-697533E6D7CF}"
EndProject
Project("{9A19103F-16F7-4668-BE54-9A1E7A4F7556}") = "CasgemMicroservice.PhotoStock", "Services\PhotoStock\CasgemMicroservice.PhotoStock\CasgemMicroservice.PhotoStock.csproj", "{D1EC149E-667D-48CF-B376-80951371E7D1}"
EndProject
Project("{9A19103F-16F7-4668-BE54-9A1E7A4F7556}") = "CasgemMicroservice.Services.Basket", "Services\Basket\CasgemMicroservice.Services.Basket\CasgemMicroservice.Services.Basket.csproj", "{FCE7A9ED-8287-4539-A110-2EE34F72FD04}"
EndProject
Project("{FAE04EC0-301F-11D3-BF4B-00C04F79EFBC}") = "CasgemMicroservice.Services.Discount", "Services\Discount\CasgemMicroservice.Services.Discount\CasgemMicroservice.Services.Discount.csproj", "{255A561F-B145-4FC7-A699-41F9876C05A2}"
EndProject
Global
	GlobalSection(SolutionConfigurationPlatforms) = preSolution
		Debug|Any CPU = Debug|Any CPU
		Release|Any CPU = Release|Any CPU
	EndGlobalSection
	GlobalSection(ProjectConfigurationPlatforms) = postSolution
		{C45C8CCD-2728-432C-8551-08BEB8A0051B}.Debug|Any CPU.ActiveCfg = Debug|Any CPU
		{C45C8CCD-2728-432C-8551-08BEB8A0051B}.Debug|Any CPU.Build.0 = Debug|Any CPU
		{C45C8CCD-2728-432C-8551-08BEB8A0051B}.Release|Any CPU.ActiveCfg = Release|Any CPU
		{C45C8CCD-2728-432C-8551-08BEB8A0051B}.Release|Any CPU.Build.0 = Release|Any CPU
		{4F957BBE-B752-4A74-A382-5C4B565C2BAC}.Debug|Any CPU.ActiveCfg = Debug|Any CPU
		{4F957BBE-B752-4A74-A382-5C4B565C2BAC}.Debug|Any CPU.Build.0 = Debug|Any CPU
		{4F957BBE-B752-4A74-A382-5C4B565C2BAC}.Release|Any CPU.ActiveCfg = Release|Any CPU
		{4F957BBE-B752-4A74-A382-5C4B565C2BAC}.Release|Any CPU.Build.0 = Release|Any CPU
		{025D8425-4A78-427B-9ADE-697533E6D7CF}.Debug|Any CPU.ActiveCfg = Debug|Any CPU
		{025D8425-4A78-427B-9ADE-697533E6D7CF}.Debug|Any CPU.Build.0 = Debug|Any CPU
		{025D8425-4A78-427B-9ADE-697533E6D7CF}.Release|Any CPU.ActiveCfg = Release|Any CPU
		{025D8425-4A78-427B-9ADE-697533E6D7CF}.Release|Any CPU.Build.0 = Release|Any CPU
		{D1EC149E-667D-48CF-B376-80951371E7D1}.Debug|Any CPU.ActiveCfg = Debug|Any CPU
		{D1EC149E-667D-48CF-B376-80951371E7D1}.Debug|Any CPU.Build.0 = Debug|Any CPU
		{D1EC149E-667D-48CF-B376-80951371E7D1}.Release|Any CPU.ActiveCfg = Release|Any CPU
		{D1EC149E-667D-48CF-B376-80951371E7D1}.Release|Any CPU.Build.0 = Release|Any CPU
		{FCE7A9ED-8287-4539-A110-2EE34F72FD04}.Debug|Any CPU.ActiveCfg = Debug|Any CPU
		{FCE7A9ED-8287-4539-A110-2EE34F72FD04}.Debug|Any CPU.Build.0 = Debug|Any CPU
		{FCE7A9ED-8287-4539-A110-2EE34F72FD04}.Release|Any CPU.ActiveCfg = Release|Any CPU
		{FCE7A9ED-8287-4539-A110-2EE34F72FD04}.Release|Any CPU.Build.0 = Release|Any CPU
		{255A561F-B145-4FC7-A699-41F9876C05A2}.Debug|Any CPU.ActiveCfg = Debug|Any CPU
		{255A561F-B145-4FC7-A699-41F9876C05A2}.Debug|Any CPU.Build.0 = Debug|Any CPU
		{255A561F-B145-4FC7-A699-41F9876C05A2}.Release|Any CPU.ActiveCfg = Release|Any CPU
		{255A561F-B145-4FC7-A699-41F9876C05A2}.Release|Any CPU.Build.0 = Release|Any CPU
	EndGlobalSection
	GlobalSection(SolutionProperties) = preSolution
		HideSolutionNode = FALSE
	EndGlobalSection
	GlobalSection(NestedProjects) = preSolution
		{42924D84-0F55-4413-BC5F-CADCD8242F33} = {0E318AE6-08F4-4A43-B4E5-B5D6A75FE1EC}
		{8D918C75-A206-48F6-90D8-DEB0C498C705} = {0E318AE6-08F4-4A43-B4E5-B5D6A75FE1EC}
		{D61EB77A-4D36-4F2D-A28D-A8C4CEA9E0A7} = {0E318AE6-08F4-4A43-B4E5-B5D6A75FE1EC}
		{E2D21B12-A56E-4423-B2CC-20D42E226896} = {0E318AE6-08F4-4A43-B4E5-B5D6A75FE1EC}
		{C1E3F508-B2B7-42EA-81C7-F165931F8F9A} = {0E318AE6-08F4-4A43-B4E5-B5D6A75FE1EC}
		{395CFA05-FFAE-4EF4-94C8-7D26202C24D5} = {0E318AE6-08F4-4A43-B4E5-B5D6A75FE1EC}
		{729535BA-0C90-473D-A82C-8B1CCDA821F8} = {0E318AE6-08F4-4A43-B4E5-B5D6A75FE1EC}
		{C45C8CCD-2728-432C-8551-08BEB8A0051B} = {8D918C75-A206-48F6-90D8-DEB0C498C705}
		{4F957BBE-B752-4A74-A382-5C4B565C2BAC} = {E6E89FAF-F800-45A9-93C9-4FDD39B490A9}
		{025D8425-4A78-427B-9ADE-697533E6D7CF} = {6F52E8DB-D7A7-451E-AB26-833FD072DEB4}
		{D1EC149E-667D-48CF-B376-80951371E7D1} = {395CFA05-FFAE-4EF4-94C8-7D26202C24D5}
		{FCE7A9ED-8287-4539-A110-2EE34F72FD04} = {42924D84-0F55-4413-BC5F-CADCD8242F33}
		{255A561F-B145-4FC7-A699-41F9876C05A2} = {D61EB77A-4D36-4F2D-A28D-A8C4CEA9E0A7}
	EndGlobalSection
	GlobalSection(ExtensibilityGlobals) = postSolution
		SolutionGuid = {F8EF4AC3-C738-46C4-91D5-68A9618EBDCF}
	EndGlobalSection
EndGlobal
